
Microsoft Visual Studio Solution File, Format Version 12.00
# Visual Studio Version 16
VisualStudioVersion = 16.0.31112.23
MinimumVisualStudioVersion = 10.0.40219.1
Project("{FAE04EC0-301F-11D3-BF4B-00C04F79EFBC}") = "DonetSchool", "DonetSchool\DonetSchool.csproj", "{18A5B192-9766-4FD6-9EAD-704595C906D3}"
EndProject
Project("{FAE04EC0-301F-11D3-BF4B-00C04F79EFBC}") = "QosTest", "QosTest\QosTest.csproj", "{300FABF4-C215-4797-BE16-C77D6578D96A}"
EndProject
Global
	GlobalSection(SolutionConfigurationPlatforms) = preSolution
		Debug|Any CPU = Debug|Any CPU
		Release|Any CPU = Release|Any CPU
	EndGlobalSection
	GlobalSection(ProjectConfigurationPlatforms) = postSolution
		{18A5B192-9766-4FD6-9EAD-704595C906D3}.Debug|Any CPU.ActiveCfg = Debug|Any CPU
		{18A5B192-9766-4FD6-9EAD-704595C906D3}.Debug|Any CPU.Build.0 = Debug|Any CPU
		{18A5B192-9766-4FD6-9EAD-704595C906D3}.Release|Any CPU.ActiveCfg = Release|Any CPU
		{18A5B192-9766-4FD6-9EAD-704595C906D3}.Release|Any CPU.Build.0 = Release|Any CPU
		{300FABF4-C215-4797-BE16-C77D6578D96A}.Debug|Any CPU.ActiveCfg = Debug|Any CPU
		{300FABF4-C215-4797-BE16-C77D6578D96A}.Debug|Any CPU.Build.0 = Debug|Any CPU
		{300FABF4-C215-4797-BE16-C77D6578D96A}.Release|Any CPU.ActiveCfg = Release|Any CPU
		{300FABF4-C215-4797-BE16-C77D6578D96A}.Release|Any CPU.Build.0 = Release|Any CPU
	EndGlobalSection
	GlobalSection(SolutionProperties) = preSolution
		HideSolutionNode = FALSE
	EndGlobalSection
	GlobalSection(ExtensibilityGlobals) = postSolution
		SolutionGuid = {58E04FDB-6B10-48D0-A8D9-7B7DBC743494}
	EndGlobalSection
EndGlobal
